
Microsoft Visual Studio Solution File, Format Version 12.00
# Visual Studio 15
VisualStudioVersion = 15.0.27703.2042
MinimumVisualStudioVersion = 10.0.40219.1
Project("{9A19103F-16F7-4668-BE54-9A1E7A4F7556}") = "Vial", "Vial\Vial.csproj", "{30E5A9FF-22AC-435F-80F4-DD12176FF34B}"
EndProject
Project("{FAE04EC0-301F-11D3-BF4B-00C04F79EFBC}") = "Vial.Installer", "Vial.Installer\Vial.Installer.csproj", "{528357E7-F367-4B5A-8900-3207285C40C7}"
EndProject
Global
	GlobalSection(SolutionConfigurationPlatforms) = preSolution
		Debug|Any CPU = Debug|Any CPU
		Release|Any CPU = Release|Any CPU
	EndGlobalSection
	GlobalSection(ProjectConfigurationPlatforms) = postSolution
		{30E5A9FF-22AC-435F-80F4-DD12176FF34B}.Debug|Any CPU.ActiveCfg = Debug|Any CPU
		{30E5A9FF-22AC-435F-80F4-DD12176FF34B}.Debug|Any CPU.Build.0 = Debug|Any CPU
		{30E5A9FF-22AC-435F-80F4-DD12176FF34B}.Release|Any CPU.ActiveCfg = Release|Any CPU
		{30E5A9FF-22AC-435F-80F4-DD12176FF34B}.Release|Any CPU.Build.0 = Release|Any CPU
		{528357E7-F367-4B5A-8900-3207285C40C7}.Debug|Any CPU.ActiveCfg = Debug|Any CPU
		{528357E7-F367-4B5A-8900-3207285C40C7}.Debug|Any CPU.Build.0 = Debug|Any CPU
		{528357E7-F367-4B5A-8900-3207285C40C7}.Release|Any CPU.ActiveCfg = Release|Any CPU
		{528357E7-F367-4B5A-8900-3207285C40C7}.Release|Any CPU.Build.0 = Release|Any CPU
	EndGlobalSection
	GlobalSection(SolutionProperties) = preSolution
		HideSolutionNode = FALSE
	EndGlobalSection
	GlobalSection(ExtensibilityGlobals) = postSolution
		SolutionGuid = {2C633C82-50F7-414B-8890-C4DC82F1BD9A}
	EndGlobalSection
EndGlobal
